
Microsoft Visual Studio Solution File, Format Version 12.00
# Visual Studio Version 17
VisualStudioVersion = 17.0.32014.148
MinimumVisualStudioVersion = 10.0.40219.1
Project("{9A19103F-16F7-4668-BE54-9A1E7A4F7556}") = "MyCalculator", "MyCalculator.csproj", "{8EBE208E-A484-4BFD-8BCA-D89E804BD5BB}"
EndProject
Global
	GlobalSection(SolutionConfigurationPlatforms) = preSolution
		Debug|Any CPU = Debug|Any CPU
		Release|Any CPU = Release|Any CPU
	EndGlobalSection
	GlobalSection(ProjectConfigurationPlatforms) = postSolution
		{8EBE208E-A484-4BFD-8BCA-D89E804BD5BB}.Debug|Any CPU.ActiveCfg = Debug|Any CPU
		{8EBE208E-A484-4BFD-8BCA-D89E804BD5BB}.Debug|Any CPU.Build.0 = Debug|Any CPU
		{8EBE208E-A484-4BFD-8BCA-D89E804BD5BB}.Release|Any CPU.ActiveCfg = Release|Any CPU
		{8EBE208E-A484-4BFD-8BCA-D89E804BD5BB}.Release|Any CPU.Build.0 = Release|Any CPU
	EndGlobalSection
	GlobalSection(SolutionProperties) = preSolution
		HideSolutionNode = FALSE
	EndGlobalSection
	GlobalSection(ExtensibilityGlobals) = postSolution
		SolutionGuid = {B2560C9E-6FBE-424C-9BDD-DAB23D847DE9}
	EndGlobalSection
EndGlobal
